// !$*UTF8*$!
{
	archiveVersion = 1;
	classes = {
	};
	objectVersion = 51;
	objects = {

/* Begin PBXBuildFile section */
		9A2B32A02344D0B30016AC8D /* ReadingViewController.swift in Sources */ = {isa = PBXBuildFile; fileRef = 9A2B329F2344D0B30016AC8D /* ReadingViewController.swift */; };
		9A2B32A22344D21E0016AC8D /* BookChapterModel.swift in Sources */ = {isa = PBXBuildFile; fileRef = 9A2B32A12344D21E0016AC8D /* BookChapterModel.swift */; };
		9A2B32A4234732680016AC8D /* BookMallCollectionCell.swift in Sources */ = {isa = PBXBuildFile; fileRef = 9A2B32A3234732680016AC8D /* BookMallCollectionCell.swift */; };
		9A2B32A62347479F0016AC8D /* BookDetailViewController.swift in Sources */ = {isa = PBXBuildFile; fileRef = 9A2B32A52347479F0016AC8D /* BookDetailViewController.swift */; };
		9A2B32A8234747C80016AC8D /* BookListViewController.swift in Sources */ = {isa = PBXBuildFile; fileRef = 9A2B32A7234747C80016AC8D /* BookListViewController.swift */; };
		9A2B32AA23478ED60016AC8D /* BookInfoModel.swift in Sources */ = {isa = PBXBuildFile; fileRef = 9A2B32A923478ED60016AC8D /* BookInfoModel.swift */; };
		9A3932382353024C00409C23 /* BookDetailView.swift in Sources */ = {isa = PBXBuildFile; fileRef = 9A3932372353024C00409C23 /* BookDetailView.swift */; };
		9A39323A23559B3400409C23 /* BookContentViewController.swift in Sources */ = {isa = PBXBuildFile; fileRef = 9A39323923559B3400409C23 /* BookContentViewController.swift */; };
		9A39323C2357047E00409C23 /* LoadingView.swift in Sources */ = {isa = PBXBuildFile; fileRef = 9A39323B2357047E00409C23 /* LoadingView.swift */; };
		9A3932F3235AA70A00409C23 /* ReadingViewTopView.swift in Sources */ = {isa = PBXBuildFile; fileRef = 9A3932F2235AA70A00409C23 /* ReadingViewTopView.swift */; };
		9A3932F5235AA74100409C23 /* ReadingViewBottomView.swift in Sources */ = {isa = PBXBuildFile; fileRef = 9A3932F4235AA74100409C23 /* ReadingViewBottomView.swift */; };
		9A3932FC235AAAE400409C23 /* ReadCoreText.swift in Sources */ = {isa = PBXBuildFile; fileRef = 9A3932FB235AAAE400409C23 /* ReadCoreText.swift */; };
		9A3932FE235AAC2400409C23 /* ReadPublic.swift in Sources */ = {isa = PBXBuildFile; fileRef = 9A3932FD235AAC2400409C23 /* ReadPublic.swift */; };
		9A393300235AC50900409C23 /* String+Extension.swift in Sources */ = {isa = PBXBuildFile; fileRef = 9A3932FF235AC50900409C23 /* String+Extension.swift */; };
		9A393304235AC5E900409C23 /* ReadPageModel.swift in Sources */ = {isa = PBXBuildFile; fileRef = 9A393303235AC5E900409C23 /* ReadPageModel.swift */; };
		9A393306235AE46A00409C23 /* ReadViewScrollController.swift in Sources */ = {isa = PBXBuildFile; fileRef = 9A393305235AE46A00409C23 /* ReadViewScrollController.swift */; };
		9A393309235AE5A000409C23 /* ReadTableView.swift in Sources */ = {isa = PBXBuildFile; fileRef = 9A393308235AE5A000409C23 /* ReadTableView.swift */; };
		9A39330E235AEB4400409C23 /* ReadViewCell.swift in Sources */ = {isa = PBXBuildFile; fileRef = 9A39330D235AEB4400409C23 /* ReadViewCell.swift */; };
		9A393312235D520A00409C23 /* LineViewUtil.swift in Sources */ = {isa = PBXBuildFile; fileRef = 9A393311235D520A00409C23 /* LineViewUtil.swift */; };
		9A393316235D5D3D00409C23 /* ReadUserDefaults.swift in Sources */ = {isa = PBXBuildFile; fileRef = 9A393315235D5D3D00409C23 /* ReadUserDefaults.swift */; };
		9A393318235D8B8A00409C23 /* ReadingMenuTopView.swift in Sources */ = {isa = PBXBuildFile; fileRef = 9A393317235D8B8A00409C23 /* ReadingMenuTopView.swift */; };
		9A70222A2341DEF000A65941 /* AppDelegate.swift in Sources */ = {isa = PBXBuildFile; fileRef = 9A7022292341DEF000A65941 /* AppDelegate.swift */; };
		9A70222C2341DEF000A65941 /* ViewController.swift in Sources */ = {isa = PBXBuildFile; fileRef = 9A70222B2341DEF000A65941 /* ViewController.swift */; };
		9A70222F2341DEF000A65941 /* Main.storyboard in Resources */ = {isa = PBXBuildFile; fileRef = 9A70222D2341DEF000A65941 /* Main.storyboard */; };
		9A7022312341DEF100A65941 /* Assets.xcassets in Resources */ = {isa = PBXBuildFile; fileRef = 9A7022302341DEF100A65941 /* Assets.xcassets */; };
		9A7022342341DEF100A65941 /* LaunchScreen.storyboard in Resources */ = {isa = PBXBuildFile; fileRef = 9A7022322341DEF100A65941 /* LaunchScreen.storyboard */; };
		9A70223F2341DEF200A65941 /* readerTests.swift in Sources */ = {isa = PBXBuildFile; fileRef = 9A70223E2341DEF200A65941 /* readerTests.swift */; };
		9A70224A2341DEF200A65941 /* readerUITests.swift in Sources */ = {isa = PBXBuildFile; fileRef = 9A7022492341DEF200A65941 /* readerUITests.swift */; };
		9A70225B2341E36E00A65941 /* NavController.swift in Sources */ = {isa = PBXBuildFile; fileRef = 9A70225A2341E36E00A65941 /* NavController.swift */; };
		9A70225E2341E3BF00A65941 /* Config.swift in Sources */ = {isa = PBXBuildFile; fileRef = 9A70225D2341E3BF00A65941 /* Config.swift */; };
		9A7022612341E45000A65941 /* Pods_reader.framework in Frameworks */ = {isa = PBXBuildFile; fileRef = 9A7022602341E45000A65941 /* Pods_reader.framework */; };
		9A7022632341E49300A65941 /* MJRefresh.framework in Frameworks */ = {isa = PBXBuildFile; fileRef = 9A7022622341E49300A65941 /* MJRefresh.framework */; };
		9A7022652341E4D600A65941 /* AlamofireHelper.swift in Sources */ = {isa = PBXBuildFile; fileRef = 9A7022642341E4D600A65941 /* AlamofireHelper.swift */; };
		9A852488234C2927003E9755 /* ReaderUtil.swift in Sources */ = {isa = PBXBuildFile; fileRef = 9A852487234C2927003E9755 /* ReaderUtil.swift */; };
		9A85248C234D882A003E9755 /* BookListTableViewCell.swift in Sources */ = {isa = PBXBuildFile; fileRef = 9A85248B234D882A003E9755 /* BookListTableViewCell.swift */; };
		9ACF702C23436B9D00ED8297 /* BookMallViewController.swift in Sources */ = {isa = PBXBuildFile; fileRef = 9ACF702B23436B9D00ED8297 /* BookMallViewController.swift */; };
		9ACF702F23436BDB00ED8297 /* UserViewController.swift in Sources */ = {isa = PBXBuildFile; fileRef = 9ACF702E23436BDB00ED8297 /* UserViewController.swift */; };
		9ACF703123436CAC00ED8297 /* MyTabBarController.swift in Sources */ = {isa = PBXBuildFile; fileRef = 9ACF703023436CAC00ED8297 /* MyTabBarController.swift */; };
		9ACF70332344312800ED8297 /* BookShelfViewController.swift in Sources */ = {isa = PBXBuildFile; fileRef = 9ACF70322344312800ED8297 /* BookShelfViewController.swift */; };
		9ACF703623444B4800ED8297 /* BookShelfCollectionViewCell.swift in Sources */ = {isa = PBXBuildFile; fileRef = 9ACF703523444B4800ED8297 /* BookShelfCollectionViewCell.swift */; };
		9ACF703923444E9C00ED8297 /* BookShelfModel.swift in Sources */ = {isa = PBXBuildFile; fileRef = 9ACF703823444E9C00ED8297 /* BookShelfModel.swift */; };
		9AECA4F4235DA5370070984F /* ReadingMenuBottomView.swift in Sources */ = {isa = PBXBuildFile; fileRef = 9AECA4F3235DA5370070984F /* ReadingMenuBottomView.swift */; };
		9AECA4F6235DAAC00070984F /* ReadViewScrollControllerExtension.swift in Sources */ = {isa = PBXBuildFile; fileRef = 9AECA4F5235DAAC00070984F /* ReadViewScrollControllerExtension.swift */; };
		9AECA4F8235DAC030070984F /* ReadViewScrollControllerInitView.swift in Sources */ = {isa = PBXBuildFile; fileRef = 9AECA4F7235DAC030070984F /* ReadViewScrollControllerInitView.swift */; };
		9AECA4FA235EA3840070984F /* ReadColorConfig.swift in Sources */ = {isa = PBXBuildFile; fileRef = 9AECA4F9235EA3840070984F /* ReadColorConfig.swift */; };
		9AECA4FC235EDCCC0070984F /* AccountInfo.swift in Sources */ = {isa = PBXBuildFile; fileRef = 9AECA4FB235EDCCC0070984F /* AccountInfo.swift */; };
		9AECA4FE236142080070984F /* BookSearchController.swift in Sources */ = {isa = PBXBuildFile; fileRef = 9AECA4FD236142080070984F /* BookSearchController.swift */; };
		9AECA500236292030070984F /* BaseViewController.swift in Sources */ = {isa = PBXBuildFile; fileRef = 9AECA4FF236292030070984F /* BaseViewController.swift */; };
		9AECA50223649A570070984F /* ReadingContentView.swift in Sources */ = {isa = PBXBuildFile; fileRef = 9AECA50123649A560070984F /* ReadingContentView.swift */; };
/* End PBXBuildFile section */

/* Begin PBXContainerItemProxy section */
		9A70223B2341DEF200A65941 /* PBXContainerItemProxy */ = {
			isa = PBXContainerItemProxy;
			containerPortal = 9A70221E2341DEF000A65941 /* Project object */;
			proxyType = 1;
			remoteGlobalIDString = 9A7022252341DEF000A65941;
			remoteInfo = reader;
		};
		9A7022462341DEF200A65941 /* PBXContainerItemProxy */ = {
			isa = PBXContainerItemProxy;
			containerPortal = 9A70221E2341DEF000A65941 /* Project object */;
			proxyType = 1;
			remoteGlobalIDString = 9A7022252341DEF000A65941;
			remoteInfo = reader;
		};
/* End PBXContainerItemProxy section */

/* Begin PBXFileReference section */
		509A67D99E447D4683B24256 /* Pods-reader.release.xcconfig */ = {isa = PBXFileReference; includeInIndex = 1; lastKnownFileType = text.xcconfig; name = "Pods-reader.release.xcconfig"; path = "Target Support Files/Pods-reader/Pods-reader.release.xcconfig"; sourceTree = "<group>"; };
		9A2B329F2344D0B30016AC8D /* ReadingViewController.swift */ = {isa = PBXFileReference; lastKnownFileType = sourcecode.swift; path = ReadingViewController.swift; sourceTree = "<group>"; };
		9A2B32A12344D21E0016AC8D /* BookChapterModel.swift */ = {isa = PBXFileReference; lastKnownFileType = sourcecode.swift; path = BookChapterModel.swift; sourceTree = "<group>"; };
		9A2B32A3234732680016AC8D /* BookMallCollectionCell.swift */ = {isa = PBXFileReference; lastKnownFileType = sourcecode.swift; path = BookMallCollectionCell.swift; sourceTree = "<group>"; };
		9A2B32A52347479F0016AC8D /* BookDetailViewController.swift */ = {isa = PBXFileReference; lastKnownFileType = sourcecode.swift; path = BookDetailViewController.swift; sourceTree = "<group>"; };
		9A2B32A7234747C80016AC8D /* BookListViewController.swift */ = {isa = PBXFileReference; lastKnownFileType = sourcecode.swift; path = BookListViewController.swift; sourceTree = "<group>"; };
		9A2B32A923478ED60016AC8D /* BookInfoModel.swift */ = {isa = PBXFileReference; lastKnownFileType = sourcecode.swift; path = BookInfoModel.swift; sourceTree = "<group>"; };
		9A3932372353024C00409C23 /* BookDetailView.swift */ = {isa = PBXFileReference; lastKnownFileType = sourcecode.swift; path = BookDetailView.swift; sourceTree = "<group>"; };
		9A39323923559B3400409C23 /* BookContentViewController.swift */ = {isa = PBXFileReference; lastKnownFileType = sourcecode.swift; path = BookContentViewController.swift; sourceTree = "<group>"; };
		9A39323B2357047E00409C23 /* LoadingView.swift */ = {isa = PBXFileReference; lastKnownFileType = sourcecode.swift; path = LoadingView.swift; sourceTree = "<group>"; };
		9A3932F2235AA70A00409C23 /* ReadingViewTopView.swift */ = {isa = PBXFileReference; lastKnownFileType = sourcecode.swift; path = ReadingViewTopView.swift; sourceTree = "<group>"; };
		9A3932F4235AA74100409C23 /* ReadingViewBottomView.swift */ = {isa = PBXFileReference; lastKnownFileType = sourcecode.swift; path = ReadingViewBottomView.swift; sourceTree = "<group>"; };
		9A3932FB235AAAE400409C23 /* ReadCoreText.swift */ = {isa = PBXFileReference; lastKnownFileType = sourcecode.swift; path = ReadCoreText.swift; sourceTree = "<group>"; };
		9A3932FD235AAC2400409C23 /* ReadPublic.swift */ = {isa = PBXFileReference; lastKnownFileType = sourcecode.swift; path = ReadPublic.swift; sourceTree = "<group>"; };
		9A3932FF235AC50900409C23 /* String+Extension.swift */ = {isa = PBXFileReference; lastKnownFileType = sourcecode.swift; path = "String+Extension.swift"; sourceTree = "<group>"; };
		9A393303235AC5E900409C23 /* ReadPageModel.swift */ = {isa = PBXFileReference; lastKnownFileType = sourcecode.swift; path = ReadPageModel.swift; sourceTree = "<group>"; };
		9A393305235AE46A00409C23 /* ReadViewScrollController.swift */ = {isa = PBXFileReference; lastKnownFileType = sourcecode.swift; path = ReadViewScrollController.swift; sourceTree = "<group>"; };
		9A393308235AE5A000409C23 /* ReadTableView.swift */ = {isa = PBXFileReference; lastKnownFileType = sourcecode.swift; path = ReadTableView.swift; sourceTree = "<group>"; };
		9A39330D235AEB4400409C23 /* ReadViewCell.swift */ = {isa = PBXFileReference; lastKnownFileType = sourcecode.swift; path = ReadViewCell.swift; sourceTree = "<group>"; };
		9A393311235D520A00409C23 /* LineViewUtil.swift */ = {isa = PBXFileReference; lastKnownFileType = sourcecode.swift; path = LineViewUtil.swift; sourceTree = "<group>"; };
		9A393315235D5D3D00409C23 /* ReadUserDefaults.swift */ = {isa = PBXFileReference; lastKnownFileType = sourcecode.swift; path = ReadUserDefaults.swift; sourceTree = "<group>"; };
		9A393317235D8B8A00409C23 /* ReadingMenuTopView.swift */ = {isa = PBXFileReference; lastKnownFileType = sourcecode.swift; path = ReadingMenuTopView.swift; sourceTree = "<group>"; };
		9A7022262341DEF000A65941 /* reader.app */ = {isa = PBXFileReference; explicitFileType = wrapper.application; includeInIndex = 0; path = reader.app; sourceTree = BUILT_PRODUCTS_DIR; };
		9A7022292341DEF000A65941 /* AppDelegate.swift */ = {isa = PBXFileReference; lastKnownFileType = sourcecode.swift; path = AppDelegate.swift; sourceTree = "<group>"; };
		9A70222B2341DEF000A65941 /* ViewController.swift */ = {isa = PBXFileReference; lastKnownFileType = sourcecode.swift; path = ViewController.swift; sourceTree = "<group>"; };
		9A70222E2341DEF000A65941 /* Base */ = {isa = PBXFileReference; lastKnownFileType = file.storyboard; name = Base; path = Base.lproj/Main.storyboard; sourceTree = "<group>"; };
		9A7022302341DEF100A65941 /* Assets.xcassets */ = {isa = PBXFileReference; lastKnownFileType = folder.assetcatalog; path = Assets.xcassets; sourceTree = "<group>"; };
		9A7022332341DEF100A65941 /* Base */ = {isa = PBXFileReference; lastKnownFileType = file.storyboard; name = Base; path = Base.lproj/LaunchScreen.storyboard; sourceTree = "<group>"; };
		9A7022352341DEF100A65941 /* Info.plist */ = {isa = PBXFileReference; lastKnownFileType = text.plist.xml; path = Info.plist; sourceTree = "<group>"; };
		9A70223A2341DEF200A65941 /* readerTests.xctest */ = {isa = PBXFileReference; explicitFileType = wrapper.cfbundle; includeInIndex = 0; path = readerTests.xctest; sourceTree = BUILT_PRODUCTS_DIR; };
		9A70223E2341DEF200A65941 /* readerTests.swift */ = {isa = PBXFileReference; lastKnownFileType = sourcecode.swift; path = readerTests.swift; sourceTree = "<group>"; };
		9A7022402341DEF200A65941 /* Info.plist */ = {isa = PBXFileReference; lastKnownFileType = text.plist.xml; path = Info.plist; sourceTree = "<group>"; };
		9A7022452341DEF200A65941 /* readerUITests.xctest */ = {isa = PBXFileReference; explicitFileType = wrapper.cfbundle; includeInIndex = 0; path = readerUITests.xctest; sourceTree = BUILT_PRODUCTS_DIR; };
		9A7022492341DEF200A65941 /* readerUITests.swift */ = {isa = PBXFileReference; lastKnownFileType = sourcecode.swift; path = readerUITests.swift; sourceTree = "<group>"; };
		9A70224B2341DEF200A65941 /* Info.plist */ = {isa = PBXFileReference; lastKnownFileType = text.plist.xml; path = Info.plist; sourceTree = "<group>"; };
		9A7022592341E26C00A65941 /* Reader_Header.h */ = {isa = PBXFileReference; lastKnownFileType = sourcecode.c.h; path = Reader_Header.h; sourceTree = "<group>"; };
		9A70225A2341E36E00A65941 /* NavController.swift */ = {isa = PBXFileReference; lastKnownFileType = sourcecode.swift; path = NavController.swift; sourceTree = "<group>"; };
		9A70225D2341E3BF00A65941 /* Config.swift */ = {isa = PBXFileReference; lastKnownFileType = sourcecode.swift; path = Config.swift; sourceTree = "<group>"; };
		9A7022602341E45000A65941 /* Pods_reader.framework */ = {isa = PBXFileReference; explicitFileType = wrapper.framework; path = Pods_reader.framework; sourceTree = BUILT_PRODUCTS_DIR; };
		9A7022622341E49300A65941 /* MJRefresh.framework */ = {isa = PBXFileReference; explicitFileType = wrapper.framework; path = MJRefresh.framework; sourceTree = BUILT_PRODUCTS_DIR; };
		9A7022642341E4D600A65941 /* AlamofireHelper.swift */ = {isa = PBXFileReference; fileEncoding = 4; lastKnownFileType = sourcecode.swift; path = AlamofireHelper.swift; sourceTree = "<group>"; };
		9A852487234C2927003E9755 /* ReaderUtil.swift */ = {isa = PBXFileReference; lastKnownFileType = sourcecode.swift; path = ReaderUtil.swift; sourceTree = "<group>"; };
		9A85248B234D882A003E9755 /* BookListTableViewCell.swift */ = {isa = PBXFileReference; lastKnownFileType = sourcecode.swift; path = BookListTableViewCell.swift; sourceTree = "<group>"; };
		9ACF702B23436B9D00ED8297 /* BookMallViewController.swift */ = {isa = PBXFileReference; lastKnownFileType = sourcecode.swift; path = BookMallViewController.swift; sourceTree = "<group>"; };
		9ACF702E23436BDB00ED8297 /* UserViewController.swift */ = {isa = PBXFileReference; lastKnownFileType = sourcecode.swift; path = UserViewController.swift; sourceTree = "<group>"; };
		9ACF703023436CAC00ED8297 /* MyTabBarController.swift */ = {isa = PBXFileReference; lastKnownFileType = sourcecode.swift; path = MyTabBarController.swift; sourceTree = "<group>"; };
		9ACF70322344312800ED8297 /* BookShelfViewController.swift */ = {isa = PBXFileReference; lastKnownFileType = sourcecode.swift; path = BookShelfViewController.swift; sourceTree = "<group>"; };
		9ACF703523444B4800ED8297 /* BookShelfCollectionViewCell.swift */ = {isa = PBXFileReference; lastKnownFileType = sourcecode.swift; path = BookShelfCollectionViewCell.swift; sourceTree = "<group>"; };
		9ACF703823444E9C00ED8297 /* BookShelfModel.swift */ = {isa = PBXFileReference; lastKnownFileType = sourcecode.swift; path = BookShelfModel.swift; sourceTree = "<group>"; };
		9AECA4F3235DA5370070984F /* ReadingMenuBottomView.swift */ = {isa = PBXFileReference; lastKnownFileType = sourcecode.swift; path = ReadingMenuBottomView.swift; sourceTree = "<group>"; };
		9AECA4F5235DAAC00070984F /* ReadViewScrollControllerExtension.swift */ = {isa = PBXFileReference; lastKnownFileType = sourcecode.swift; path = ReadViewScrollControllerExtension.swift; sourceTree = "<group>"; };
		9AECA4F7235DAC030070984F /* ReadViewScrollControllerInitView.swift */ = {isa = PBXFileReference; lastKnownFileType = sourcecode.swift; path = ReadViewScrollControllerInitView.swift; sourceTree = "<group>"; };
		9AECA4F9235EA3840070984F /* ReadColorConfig.swift */ = {isa = PBXFileReference; lastKnownFileType = sourcecode.swift; path = ReadColorConfig.swift; sourceTree = "<group>"; };
		9AECA4FB235EDCCC0070984F /* AccountInfo.swift */ = {isa = PBXFileReference; lastKnownFileType = sourcecode.swift; path = AccountInfo.swift; sourceTree = "<group>"; };
		9AECA4FD236142080070984F /* BookSearchController.swift */ = {isa = PBXFileReference; lastKnownFileType = sourcecode.swift; path = BookSearchController.swift; sourceTree = "<group>"; };
		9AECA4FF236292030070984F /* BaseViewController.swift */ = {isa = PBXFileReference; lastKnownFileType = sourcecode.swift; path = BaseViewController.swift; sourceTree = "<group>"; };
		9AECA50123649A560070984F /* ReadingContentView.swift */ = {isa = PBXFileReference; lastKnownFileType = sourcecode.swift; path = ReadingContentView.swift; sourceTree = "<group>"; };
		9C8B4C6396ED62E6FB93BF58 /* Pods-reader.debug.xcconfig */ = {isa = PBXFileReference; includeInIndex = 1; lastKnownFileType = text.xcconfig; name = "Pods-reader.debug.xcconfig"; path = "Target Support Files/Pods-reader/Pods-reader.debug.xcconfig"; sourceTree = "<group>"; };
/* End PBXFileReference section */

/* Begin PBXFrameworksBuildPhase section */
		9A7022232341DEF000A65941 /* Frameworks */ = {
			isa = PBXFrameworksBuildPhase;
			buildActionMask = 2147483647;
			files = (
				9A7022632341E49300A65941 /* MJRefresh.framework in Frameworks */,
				9A7022612341E45000A65941 /* Pods_reader.framework in Frameworks */,
			);
			runOnlyForDeploymentPostprocessing = 0;
		};
		9A7022372341DEF200A65941 /* Frameworks */ = {
			isa = PBXFrameworksBuildPhase;
			buildActionMask = 2147483647;
			files = (
			);
			runOnlyForDeploymentPostprocessing = 0;
		};
		9A7022422341DEF200A65941 /* Frameworks */ = {
			isa = PBXFrameworksBuildPhase;
			buildActionMask = 2147483647;
			files = (
			);
			runOnlyForDeploymentPostprocessing = 0;
		};
/* End PBXFrameworksBuildPhase section */

/* Begin PBXGroup section */
		9A39323F2359AC8E00409C23 /* Reading */ = {
			isa = PBXGroup;
			children = (
				9A393314235D5D2800409C23 /* Config */,
				9A39330A235AEB1100409C23 /* Cell */,
				9A393307235AE57600409C23 /* View */,
				9A393302235AC5DB00409C23 /* Model */,
				9A3932FA235AAA7700409C23 /* Util */,
				9A393305235AE46A00409C23 /* ReadViewScrollController.swift */,
				9AECA4F5235DAAC00070984F /* ReadViewScrollControllerExtension.swift */,
				9AECA4F7235DAC030070984F /* ReadViewScrollControllerInitView.swift */,
			);
			name = Reading;
			sourceTree = "<group>";
		};
		9A3932FA235AAA7700409C23 /* Util */ = {
			isa = PBXGroup;
			children = (
				9A3932FB235AAAE400409C23 /* ReadCoreText.swift */,
				9A3932FD235AAC2400409C23 /* ReadPublic.swift */,
				9A3932FF235AC50900409C23 /* String+Extension.swift */,
			);
			name = Util;
			sourceTree = "<group>";
		};
		9A393302235AC5DB00409C23 /* Model */ = {
			isa = PBXGroup;
			children = (
				9A393303235AC5E900409C23 /* ReadPageModel.swift */,
			);
			name = Model;
			sourceTree = "<group>";
		};
		9A393307235AE57600409C23 /* View */ = {
			isa = PBXGroup;
			children = (
				9A393308235AE5A000409C23 /* ReadTableView.swift */,
				9A3932F2235AA70A00409C23 /* ReadingViewTopView.swift */,
				9A3932F4235AA74100409C23 /* ReadingViewBottomView.swift */,
				9A393317235D8B8A00409C23 /* ReadingMenuTopView.swift */,
				9AECA4F3235DA5370070984F /* ReadingMenuBottomView.swift */,
			);
			name = View;
			sourceTree = "<group>";
		};
		9A39330A235AEB1100409C23 /* Cell */ = {
			isa = PBXGroup;
			children = (
				9A39330D235AEB4400409C23 /* ReadViewCell.swift */,
			);
			name = Cell;
			sourceTree = "<group>";
		};
		9A393310235D51E900409C23 /* Util */ = {
			isa = PBXGroup;
			children = (
				9A393311235D520A00409C23 /* LineViewUtil.swift */,
			);
			name = Util;
			sourceTree = "<group>";
		};
		9A393314235D5D2800409C23 /* Config */ = {
			isa = PBXGroup;
			children = (
				9A393315235D5D3D00409C23 /* ReadUserDefaults.swift */,
				9AECA4F9235EA3840070984F /* ReadColorConfig.swift */,
			);
			name = Config;
			sourceTree = "<group>";
		};
		9A70221D2341DEF000A65941 = {
			isa = PBXGroup;
			children = (
				9A7022282341DEF000A65941 /* reader */,
				9A70223D2341DEF200A65941 /* readerTests */,
				9A7022482341DEF200A65941 /* readerUITests */,
				9A7022272341DEF000A65941 /* Products */,
				9A70225F2341E45000A65941 /* Frameworks */,
				E9A04ABD6D0A81EA3851F184 /* Pods */,
			);
			sourceTree = "<group>";
		};
		9A7022272341DEF000A65941 /* Products */ = {
			isa = PBXGroup;
			children = (
				9A7022262341DEF000A65941 /* reader.app */,
				9A70223A2341DEF200A65941 /* readerTests.xctest */,
				9A7022452341DEF200A65941 /* readerUITests.xctest */,
			);
			name = Products;
			sourceTree = "<group>";
		};
		9A7022282341DEF000A65941 /* reader */ = {
			isa = PBXGroup;
			children = (
				9A393310235D51E900409C23 /* Util */,
				9ACF702D23436BBB00ED8297 /* User */,
				9ACF702A23436AB600ED8297 /* Book */,
				9A70225C2341E39000A65941 /* Config */,
				9A7022582341E23600A65941 /* Framework */,
				9A7022292341DEF000A65941 /* AppDelegate.swift */,
				9A70222B2341DEF000A65941 /* ViewController.swift */,
				9A70222D2341DEF000A65941 /* Main.storyboard */,
				9A7022302341DEF100A65941 /* Assets.xcassets */,
				9A7022322341DEF100A65941 /* LaunchScreen.storyboard */,
				9A7022352341DEF100A65941 /* Info.plist */,
				9A7022592341E26C00A65941 /* Reader_Header.h */,
			);
			path = reader;
			sourceTree = "<group>";
		};
		9A70223D2341DEF200A65941 /* readerTests */ = {
			isa = PBXGroup;
			children = (
				9A70223E2341DEF200A65941 /* readerTests.swift */,
				9A7022402341DEF200A65941 /* Info.plist */,
			);
			path = readerTests;
			sourceTree = "<group>";
		};
		9A7022482341DEF200A65941 /* readerUITests */ = {
			isa = PBXGroup;
			children = (
				9A7022492341DEF200A65941 /* readerUITests.swift */,
				9A70224B2341DEF200A65941 /* Info.plist */,
			);
			path = readerUITests;
			sourceTree = "<group>";
		};
		9A7022582341E23600A65941 /* Framework */ = {
			isa = PBXGroup;
			children = (
				9A70225A2341E36E00A65941 /* NavController.swift */,
				9ACF703023436CAC00ED8297 /* MyTabBarController.swift */,
				9A39323B2357047E00409C23 /* LoadingView.swift */,
			);
			name = Framework;
			sourceTree = "<group>";
		};
		9A70225C2341E39000A65941 /* Config */ = {
			isa = PBXGroup;
			children = (
				9A7022642341E4D600A65941 /* AlamofireHelper.swift */,
				9A70225D2341E3BF00A65941 /* Config.swift */,
				9A852487234C2927003E9755 /* ReaderUtil.swift */,
			);
			path = Config;
			sourceTree = "<group>";
		};
		9A70225F2341E45000A65941 /* Frameworks */ = {
			isa = PBXGroup;
			children = (
				9A7022622341E49300A65941 /* MJRefresh.framework */,
				9A7022602341E45000A65941 /* Pods_reader.framework */,
			);
			name = Frameworks;
			sourceTree = "<group>";
		};
		9ACF702A23436AB600ED8297 /* Book */ = {
			isa = PBXGroup;
			children = (
				9A39323F2359AC8E00409C23 /* Reading */,
				9ACF703723444E8800ED8297 /* Model */,
				9ACF703423444AEA00ED8297 /* View */,
				9ACF702B23436B9D00ED8297 /* BookMallViewController.swift */,
				9ACF70322344312800ED8297 /* BookShelfViewController.swift */,
				9A2B329F2344D0B30016AC8D /* ReadingViewController.swift */,
				9A2B32A52347479F0016AC8D /* BookDetailViewController.swift */,
				9A2B32A7234747C80016AC8D /* BookListViewController.swift */,
				9A39323923559B3400409C23 /* BookContentViewController.swift */,
				9AECA4FD236142080070984F /* BookSearchController.swift */,
				9AECA4FF236292030070984F /* BaseViewController.swift */,
			);
			name = Book;
			sourceTree = "<group>";
		};
		9ACF702D23436BBB00ED8297 /* User */ = {
			isa = PBXGroup;
			children = (
				9ACF702E23436BDB00ED8297 /* UserViewController.swift */,
				9AECA4FB235EDCCC0070984F /* AccountInfo.swift */,
			);
			path = User;
			sourceTree = "<group>";
		};
		9ACF703423444AEA00ED8297 /* View */ = {
			isa = PBXGroup;
			children = (
				9ACF703523444B4800ED8297 /* BookShelfCollectionViewCell.swift */,
				9A2B32A3234732680016AC8D /* BookMallCollectionCell.swift */,
				9A85248B234D882A003E9755 /* BookListTableViewCell.swift */,
				9A3932372353024C00409C23 /* BookDetailView.swift */,
				9AECA50123649A560070984F /* ReadingContentView.swift */,
			);
			path = View;
			sourceTree = "<group>";
		};
		9ACF703723444E8800ED8297 /* Model */ = {
			isa = PBXGroup;
			children = (
				9ACF703823444E9C00ED8297 /* BookShelfModel.swift */,
				9A2B32A12344D21E0016AC8D /* BookChapterModel.swift */,
				9A2B32A923478ED60016AC8D /* BookInfoModel.swift */,
			);
			name = Model;
			sourceTree = "<group>";
		};
		E9A04ABD6D0A81EA3851F184 /* Pods */ = {
			isa = PBXGroup;
			children = (
				9C8B4C6396ED62E6FB93BF58 /* Pods-reader.debug.xcconfig */,
				509A67D99E447D4683B24256 /* Pods-reader.release.xcconfig */,
			);
			path = Pods;
			sourceTree = "<group>";
		};
/* End PBXGroup section */

/* Begin PBXNativeTarget section */
		9A7022252341DEF000A65941 /* reader */ = {
			isa = PBXNativeTarget;
			buildConfigurationList = 9A70224E2341DEF200A65941 /* Build configuration list for PBXNativeTarget "reader" */;
			buildPhases = (
				CB50E25DBFECEDA317A97278 /* [CP] Check Pods Manifest.lock */,
				9A7022222341DEF000A65941 /* Sources */,
				9A7022232341DEF000A65941 /* Frameworks */,
				9A7022242341DEF000A65941 /* Resources */,
				2DB8AE07C3B8ADA52E8CD835 /* [CP] Embed Pods Frameworks */,
			);
			buildRules = (
			);
			dependencies = (
			);
			name = reader;
			productName = reader;
			productReference = 9A7022262341DEF000A65941 /* reader.app */;
			productType = "com.apple.product-type.application";
		};
		9A7022392341DEF200A65941 /* readerTests */ = {
			isa = PBXNativeTarget;
			buildConfigurationList = 9A7022512341DEF200A65941 /* Build configuration list for PBXNativeTarget "readerTests" */;
			buildPhases = (
				9A7022362341DEF200A65941 /* Sources */,
				9A7022372341DEF200A65941 /* Frameworks */,
				9A7022382341DEF200A65941 /* Resources */,
			);
			buildRules = (
			);
			dependencies = (
				9A70223C2341DEF200A65941 /* PBXTargetDependency */,
			);
			name = readerTests;
			productName = readerTests;
			productReference = 9A70223A2341DEF200A65941 /* readerTests.xctest */;
			productType = "com.apple.product-type.bundle.unit-test";
		};
		9A7022442341DEF200A65941 /* readerUITests */ = {
			isa = PBXNativeTarget;
			buildConfigurationList = 9A7022542341DEF200A65941 /* Build configuration list for PBXNativeTarget "readerUITests" */;
			buildPhases = (
				9A7022412341DEF200A65941 /* Sources */,
				9A7022422341DEF200A65941 /* Frameworks */,
				9A7022432341DEF200A65941 /* Resources */,
			);
			buildRules = (
			);
			dependencies = (
				9A7022472341DEF200A65941 /* PBXTargetDependency */,
			);
			name = readerUITests;
			productName = readerUITests;
			productReference = 9A7022452341DEF200A65941 /* readerUITests.xctest */;
			productType = "com.apple.product-type.bundle.ui-testing";
		};
/* End PBXNativeTarget section */

/* Begin PBXProject section */
		9A70221E2341DEF000A65941 /* Project object */ = {
			isa = PBXProject;
			attributes = {
				LastSwiftUpdateCheck = 1030;
				LastUpgradeCheck = 1030;
				ORGANIZATIONNAME = JiuHua;
				TargetAttributes = {
					9A7022252341DEF000A65941 = {
						CreatedOnToolsVersion = 10.3;
					};
					9A7022392341DEF200A65941 = {
						CreatedOnToolsVersion = 10.3;
						TestTargetID = 9A7022252341DEF000A65941;
					};
					9A7022442341DEF200A65941 = {
						CreatedOnToolsVersion = 10.3;
						TestTargetID = 9A7022252341DEF000A65941;
					};
				};
			};
			buildConfigurationList = 9A7022212341DEF000A65941 /* Build configuration list for PBXProject "reader" */;
			compatibilityVersion = "Xcode 10.0";
			developmentRegion = en;
			hasScannedForEncodings = 0;
			knownRegions = (
				en,
				Base,
			);
			mainGroup = 9A70221D2341DEF000A65941;
			productRefGroup = 9A7022272341DEF000A65941 /* Products */;
			projectDirPath = "";
			projectRoot = "";
			targets = (
				9A7022252341DEF000A65941 /* reader */,
				9A7022392341DEF200A65941 /* readerTests */,
				9A7022442341DEF200A65941 /* readerUITests */,
			);
		};
/* End PBXProject section */

/* Begin PBXResourcesBuildPhase section */
		9A7022242341DEF000A65941 /* Resources */ = {
			isa = PBXResourcesBuildPhase;
			buildActionMask = 2147483647;
			files = (
				9A7022342341DEF100A65941 /* LaunchScreen.storyboard in Resources */,
				9A7022312341DEF100A65941 /* Assets.xcassets in Resources */,
				9A70222F2341DEF000A65941 /* Main.storyboard in Resources */,
			);
			runOnlyForDeploymentPostprocessing = 0;
		};
		9A7022382341DEF200A65941 /* Resources */ = {
			isa = PBXResourcesBuildPhase;
			buildActionMask = 2147483647;
			files = (
			);
			runOnlyForDeploymentPostprocessing = 0;
		};
		9A7022432341DEF200A65941 /* Resources */ = {
			isa = PBXResourcesBuildPhase;
			buildActionMask = 2147483647;
			files = (
			);
			runOnlyForDeploymentPostprocessing = 0;
		};
/* End PBXResourcesBuildPhase section */

/* Begin PBXShellScriptBuildPhase section */
		2DB8AE07C3B8ADA52E8CD835 /* [CP] Embed Pods Frameworks */ = {
			isa = PBXShellScriptBuildPhase;
			buildActionMask = 2147483647;
			files = (
			);
			inputFileListPaths = (
				"${PODS_ROOT}/Target Support Files/Pods-reader/Pods-reader-frameworks-${CONFIGURATION}-input-files.xcfilelist",
			);
			name = "[CP] Embed Pods Frameworks";
			outputFileListPaths = (
				"${PODS_ROOT}/Target Support Files/Pods-reader/Pods-reader-frameworks-${CONFIGURATION}-output-files.xcfilelist",
			);
			runOnlyForDeploymentPostprocessing = 0;
			shellPath = /bin/sh;
			shellScript = "\"${PODS_ROOT}/Target Support Files/Pods-reader/Pods-reader-frameworks.sh\"\n";
			showEnvVarsInLog = 0;
		};
		CB50E25DBFECEDA317A97278 /* [CP] Check Pods Manifest.lock */ = {
			isa = PBXShellScriptBuildPhase;
			buildActionMask = 2147483647;
			files = (
			);
			inputFileListPaths = (
			);
			inputPaths = (
				"${PODS_PODFILE_DIR_PATH}/Podfile.lock",
				"${PODS_ROOT}/Manifest.lock",
			);
			name = "[CP] Check Pods Manifest.lock";
			outputFileListPaths = (
			);
			outputPaths = (
				"$(DERIVED_FILE_DIR)/Pods-reader-checkManifestLockResult.txt",
			);
			runOnlyForDeploymentPostprocessing = 0;
			shellPath = /bin/sh;
			shellScript = "diff \"${PODS_PODFILE_DIR_PATH}/Podfile.lock\" \"${PODS_ROOT}/Manifest.lock\" > /dev/null\nif [ $? != 0 ] ; then\n    # print error to STDERR\n    echo \"error: The sandbox is not in sync with the Podfile.lock. Run 'pod install' or update your CocoaPods installation.\" >&2\n    exit 1\nfi\n# This output is used by Xcode 'outputs' to avoid re-running this script phase.\necho \"SUCCESS\" > \"${SCRIPT_OUTPUT_FILE_0}\"\n";
			showEnvVarsInLog = 0;
		};
/* End PBXShellScriptBuildPhase section */

/* Begin PBXSourcesBuildPhase section */
		9A7022222341DEF000A65941 /* Sources */ = {
			isa = PBXSourcesBuildPhase;
			buildActionMask = 2147483647;
			files = (
				9A393318235D8B8A00409C23 /* ReadingMenuTopView.swift in Sources */,
				9A393306235AE46A00409C23 /* ReadViewScrollController.swift in Sources */,
				9A393316235D5D3D00409C23 /* ReadUserDefaults.swift in Sources */,
				9A2B32AA23478ED60016AC8D /* BookInfoModel.swift in Sources */,
				9A2B32A4234732680016AC8D /* BookMallCollectionCell.swift in Sources */,
				9ACF702F23436BDB00ED8297 /* UserViewController.swift in Sources */,
				9A39323C2357047E00409C23 /* LoadingView.swift in Sources */,
				9A393304235AC5E900409C23 /* ReadPageModel.swift in Sources */,
				9ACF70332344312800ED8297 /* BookShelfViewController.swift in Sources */,
				9AECA500236292030070984F /* BaseViewController.swift in Sources */,
				9ACF703923444E9C00ED8297 /* BookShelfModel.swift in Sources */,
				9A3932FE235AAC2400409C23 /* ReadPublic.swift in Sources */,
				9ACF703623444B4800ED8297 /* BookShelfCollectionViewCell.swift in Sources */,
				9AECA4F4235DA5370070984F /* ReadingMenuBottomView.swift in Sources */,
				9A393312235D520A00409C23 /* LineViewUtil.swift in Sources */,
				9AECA4FC235EDCCC0070984F /* AccountInfo.swift in Sources */,
				9ACF703123436CAC00ED8297 /* MyTabBarController.swift in Sources */,
				9AECA50223649A570070984F /* ReadingContentView.swift in Sources */,
				9A7022652341E4D600A65941 /* AlamofireHelper.swift in Sources */,
				9A2B32A22344D21E0016AC8D /* BookChapterModel.swift in Sources */,
				9AECA4FE236142080070984F /* BookSearchController.swift in Sources */,
				9AECA4FA235EA3840070984F /* ReadColorConfig.swift in Sources */,
				9AECA4F6235DAAC00070984F /* ReadViewScrollControllerExtension.swift in Sources */,
				9A393309235AE5A000409C23 /* ReadTableView.swift in Sources */,
				9A70222C2341DEF000A65941 /* ViewController.swift in Sources */,
				9A70225E2341E3BF00A65941 /* Config.swift in Sources */,
				9ACF702C23436B9D00ED8297 /* BookMallViewController.swift in Sources */,
				9A3932382353024C00409C23 /* BookDetailView.swift in Sources */,
				9A70222A2341DEF000A65941 /* AppDelegate.swift in Sources */,
				9A70225B2341E36E00A65941 /* NavController.swift in Sources */,
				9A852488234C2927003E9755 /* ReaderUtil.swift in Sources */,
				9A2B32A8234747C80016AC8D /* BookListViewController.swift in Sources */,
				9AECA4F8235DAC030070984F /* ReadViewScrollControllerInitView.swift in Sources */,
				9A85248C234D882A003E9755 /* BookListTableViewCell.swift in Sources */,
				9A3932F5235AA74100409C23 /* ReadingViewBottomView.swift in Sources */,
				9A39323A23559B3400409C23 /* BookContentViewController.swift in Sources */,
				9A2B32A02344D0B30016AC8D /* ReadingViewController.swift in Sources */,
				9A39330E235AEB4400409C23 /* ReadViewCell.swift in Sources */,
				9A3932F3235AA70A00409C23 /* ReadingViewTopView.swift in Sources */,
				9A3932FC235AAAE400409C23 /* ReadCoreText.swift in Sources */,
				9A393300235AC50900409C23 /* String+Extension.swift in Sources */,
				9A2B32A62347479F0016AC8D /* BookDetailViewController.swift in Sources */,
			);
			runOnlyForDeploymentPostprocessing = 0;
		};
		9A7022362341DEF200A65941 /* Sources */ = {
			isa = PBXSourcesBuildPhase;
			buildActionMask = 2147483647;
			files = (
				9A70223F2341DEF200A65941 /* readerTests.swift in Sources */,
			);
			runOnlyForDeploymentPostprocessing = 0;
		};
		9A7022412341DEF200A65941 /* Sources */ = {
			isa = PBXSourcesBuildPhase;
			buildActionMask = 2147483647;
			files = (
				9A70224A2341DEF200A65941 /* readerUITests.swift in Sources */,
			);
			runOnlyForDeploymentPostprocessing = 0;
		};
/* End PBXSourcesBuildPhase section */

/* Begin PBXTargetDependency section */
		9A70223C2341DEF200A65941 /* PBXTargetDependency */ = {
			isa = PBXTargetDependency;
			target = 9A7022252341DEF000A65941 /* reader */;
			targetProxy = 9A70223B2341DEF200A65941 /* PBXContainerItemProxy */;
		};
		9A7022472341DEF200A65941 /* PBXTargetDependency */ = {
			isa = PBXTargetDependency;
			target = 9A7022252341DEF000A65941 /* reader */;
			targetProxy = 9A7022462341DEF200A65941 /* PBXContainerItemProxy */;
		};
/* End PBXTargetDependency section */

/* Begin PBXVariantGroup section */
		9A70222D2341DEF000A65941 /* Main.storyboard */ = {
			isa = PBXVariantGroup;
			children = (
				9A70222E2341DEF000A65941 /* Base */,
			);
			name = Main.storyboard;
			sourceTree = "<group>";
		};
		9A7022322341DEF100A65941 /* LaunchScreen.storyboard */ = {
			isa = PBXVariantGroup;
			children = (
				9A7022332341DEF100A65941 /* Base */,
			);
			name = LaunchScreen.storyboard;
			sourceTree = "<group>";
		};
/* End PBXVariantGroup section */

/* Begin XCBuildConfiguration section */
		9A70224C2341DEF200A65941 /* Debug */ = {
			isa = XCBuildConfiguration;
			buildSettings = {
				ALWAYS_SEARCH_USER_PATHS = NO;
				CLANG_ANALYZER_NONNULL = YES;
				CLANG_ANALYZER_NUMBER_OBJECT_CONVERSION = YES_AGGRESSIVE;
				CLANG_CXX_LANGUAGE_STANDARD = "gnu++14";
				CLANG_CXX_LIBRARY = "libc++";
				CLANG_ENABLE_MODULES = YES;
				CLANG_ENABLE_OBJC_ARC = YES;
				CLANG_ENABLE_OBJC_WEAK = YES;
				CLANG_WARN_BLOCK_CAPTURE_AUTORELEASING = YES;
				CLANG_WARN_BOOL_CONVERSION = YES;
				CLANG_WARN_COMMA = YES;
				CLANG_WARN_CONSTANT_CONVERSION = YES;
				CLANG_WARN_DEPRECATED_OBJC_IMPLEMENTATIONS = YES;
				CLANG_WARN_DIRECT_OBJC_ISA_USAGE = YES_ERROR;
				CLANG_WARN_DOCUMENTATION_COMMENTS = YES;
				CLANG_WARN_EMPTY_BODY = YES;
				CLANG_WARN_ENUM_CONVERSION = YES;
				CLANG_WARN_INFINITE_RECURSION = YES;
				CLANG_WARN_INT_CONVERSION = YES;
				CLANG_WARN_NON_LITERAL_NULL_CONVERSION = YES;
				CLANG_WARN_OBJC_IMPLICIT_RETAIN_SELF = YES;
				CLANG_WARN_OBJC_LITERAL_CONVERSION = YES;
				CLANG_WARN_OBJC_ROOT_CLASS = YES_ERROR;
				CLANG_WARN_RANGE_LOOP_ANALYSIS = YES;
				CLANG_WARN_STRICT_PROTOTYPES = YES;
				CLANG_WARN_SUSPICIOUS_MOVE = YES;
				CLANG_WARN_UNGUARDED_AVAILABILITY = YES_AGGRESSIVE;
				CLANG_WARN_UNREACHABLE_CODE = YES;
				CLANG_WARN__DUPLICATE_METHOD_MATCH = YES;
				CODE_SIGN_IDENTITY = "iPhone Developer";
				COPY_PHASE_STRIP = NO;
				DEBUG_INFORMATION_FORMAT = dwarf;
				ENABLE_STRICT_OBJC_MSGSEND = YES;
				ENABLE_TESTABILITY = YES;
				GCC_C_LANGUAGE_STANDARD = gnu11;
				GCC_DYNAMIC_NO_PIC = NO;
				GCC_NO_COMMON_BLOCKS = YES;
				GCC_OPTIMIZATION_LEVEL = 0;
				GCC_PREPROCESSOR_DEFINITIONS = (
					"DEBUG=1",
					"$(inherited)",
				);
				GCC_WARN_64_TO_32_BIT_CONVERSION = YES;
				GCC_WARN_ABOUT_RETURN_TYPE = YES_ERROR;
				GCC_WARN_UNDECLARED_SELECTOR = YES;
				GCC_WARN_UNINITIALIZED_AUTOS = YES_AGGRESSIVE;
				GCC_WARN_UNUSED_FUNCTION = YES;
				GCC_WARN_UNUSED_VARIABLE = YES;
				IPHONEOS_DEPLOYMENT_TARGET = 12.4;
				MTL_ENABLE_DEBUG_INFO = INCLUDE_SOURCE;
				MTL_FAST_MATH = YES;
				ONLY_ACTIVE_ARCH = YES;
				SDKROOT = iphoneos;
				SWIFT_ACTIVE_COMPILATION_CONDITIONS = DEBUG;
				SWIFT_OPTIMIZATION_LEVEL = "-Onone";
			};
			name = Debug;
		};
		9A70224D2341DEF200A65941 /* Release */ = {
			isa = XCBuildConfiguration;
			buildSettings = {
				ALWAYS_SEARCH_USER_PATHS = NO;
				CLANG_ANALYZER_NONNULL = YES;
				CLANG_ANALYZER_NUMBER_OBJECT_CONVERSION = YES_AGGRESSIVE;
				CLANG_CXX_LANGUAGE_STANDARD = "gnu++14";
				CLANG_CXX_LIBRARY = "libc++";
				CLANG_ENABLE_MODULES = YES;
				CLANG_ENABLE_OBJC_ARC = YES;
				CLANG_ENABLE_OBJC_WEAK = YES;
				CLANG_WARN_BLOCK_CAPTURE_AUTORELEASING = YES;
				CLANG_WARN_BOOL_CONVERSION = YES;
				CLANG_WARN_COMMA = YES;
				CLANG_WARN_CONSTANT_CONVERSION = YES;
				CLANG_WARN_DEPRECATED_OBJC_IMPLEMENTATIONS = YES;
				CLANG_WARN_DIRECT_OBJC_ISA_USAGE = YES_ERROR;
				CLANG_WARN_DOCUMENTATION_COMMENTS = YES;
				CLANG_WARN_EMPTY_BODY = YES;
				CLANG_WARN_ENUM_CONVERSION = YES;
				CLANG_WARN_INFINITE_RECURSION = YES;
				CLANG_WARN_INT_CONVERSION = YES;
				CLANG_WARN_NON_LITERAL_NULL_CONVERSION = YES;
				CLANG_WARN_OBJC_IMPLICIT_RETAIN_SELF = YES;
				CLANG_WARN_OBJC_LITERAL_CONVERSION = YES;
				CLANG_WARN_OBJC_ROOT_CLASS = YES_ERROR;
				CLANG_WARN_RANGE_LOOP_ANALYSIS = YES;
				CLANG_WARN_STRICT_PROTOTYPES = YES;
				CLANG_WARN_SUSPICIOUS_MOVE = YES;
				CLANG_WARN_UNGUARDED_AVAILABILITY = YES_AGGRESSIVE;
				CLANG_WARN_UNREACHABLE_CODE = YES;
				CLANG_WARN__DUPLICATE_METHOD_MATCH = YES;
				CODE_SIGN_IDENTITY = "iPhone Developer";
				COPY_PHASE_STRIP = NO;
				DEBUG_INFORMATION_FORMAT = "dwarf-with-dsym";
				ENABLE_NS_ASSERTIONS = NO;
				ENABLE_STRICT_OBJC_MSGSEND = YES;
				GCC_C_LANGUAGE_STANDARD = gnu11;
				GCC_NO_COMMON_BLOCKS = YES;
				GCC_WARN_64_TO_32_BIT_CONVERSION = YES;
				GCC_WARN_ABOUT_RETURN_TYPE = YES_ERROR;
				GCC_WARN_UNDECLARED_SELECTOR = YES;
				GCC_WARN_UNINITIALIZED_AUTOS = YES_AGGRESSIVE;
				GCC_WARN_UNUSED_FUNCTION = YES;
				GCC_WARN_UNUSED_VARIABLE = YES;
				IPHONEOS_DEPLOYMENT_TARGET = 12.4;
				MTL_ENABLE_DEBUG_INFO = NO;
				MTL_FAST_MATH = YES;
				SDKROOT = iphoneos;
				SWIFT_COMPILATION_MODE = wholemodule;
				SWIFT_OPTIMIZATION_LEVEL = "-O";
				VALIDATE_PRODUCT = YES;
			};
			name = Release;
		};
		9A70224F2341DEF200A65941 /* Debug */ = {
			isa = XCBuildConfiguration;
			baseConfigurationReference = 9C8B4C6396ED62E6FB93BF58 /* Pods-reader.debug.xcconfig */;
			buildSettings = {
				ASSETCATALOG_COMPILER_APPICON_NAME = AppIcon;
				CODE_SIGN_STYLE = Automatic;
				DEVELOPMENT_TEAM = 5KT433P6SW;
				INFOPLIST_FILE = reader/Info.plist;
				LD_RUNPATH_SEARCH_PATHS = (
					"$(inherited)",
					"@executable_path/Frameworks",
				);
				PRODUCT_BUNDLE_IDENTIFIER = con.jiuhua.reader;
				PRODUCT_NAME = "$(TARGET_NAME)";
				SWIFT_VERSION = 5.0;
				TARGETED_DEVICE_FAMILY = "1,2";
			};
			name = Debug;
		};
		9A7022502341DEF200A65941 /* Release */ = {
			isa = XCBuildConfiguration;
			baseConfigurationReference = 509A67D99E447D4683B24256 /* Pods-reader.release.xcconfig */;
			buildSettings = {
				ASSETCATALOG_COMPILER_APPICON_NAME = AppIcon;
				CODE_SIGN_STYLE = Automatic;
				DEVELOPMENT_TEAM = 5KT433P6SW;
				INFOPLIST_FILE = reader/Info.plist;
				LD_RUNPATH_SEARCH_PATHS = (
					"$(inherited)",
					"@executable_path/Frameworks",
				);
				PRODUCT_BUNDLE_IDENTIFIER = con.jiuhua.reader;
				PRODUCT_NAME = "$(TARGET_NAME)";
				SWIFT_VERSION = 5.0;
				TARGETED_DEVICE_FAMILY = "1,2";
			};
			name = Release;
		};
		9A7022522341DEF200A65941 /* Debug */ = {
			isa = XCBuildConfiguration;
			buildSettings = {
				ALWAYS_EMBED_SWIFT_STANDARD_LIBRARIES = YES;
				BUNDLE_LOADER = "$(TEST_HOST)";
				CODE_SIGN_STYLE = Automatic;
				DEVELOPMENT_TEAM = 5KT433P6SW;
				INFOPLIST_FILE = readerTests/Info.plist;
				LD_RUNPATH_SEARCH_PATHS = (
					"$(inherited)",
					"@executable_path/Frameworks",
					"@loader_path/Frameworks",
				);
				PRODUCT_BUNDLE_IDENTIFIER = con.jiuhua.readerTests;
				PRODUCT_NAME = "$(TARGET_NAME)";
				SWIFT_VERSION = 5.0;
				TARGETED_DEVICE_FAMILY = "1,2";
				TEST_HOST = "$(BUILT_PRODUCTS_DIR)/reader.app/reader";
			};
			name = Debug;
		};
		9A7022532341DEF200A65941 /* Release */ = {
			isa = XCBuildConfiguration;
			buildSettings = {
				ALWAYS_EMBED_SWIFT_STANDARD_LIBRARIES = YES;
				BUNDLE_LOADER = "$(TEST_HOST)";
				CODE_SIGN_STYLE = Automatic;
				DEVELOPMENT_TEAM = 5KT433P6SW;
				INFOPLIST_FILE = readerTests/Info.plist;
				LD_RUNPATH_SEARCH_PATHS = (
					"$(inherited)",
					"@executable_path/Frameworks",
					"@loader_path/Frameworks",
				);
				PRODUCT_BUNDLE_IDENTIFIER = con.jiuhua.readerTests;
				PRODUCT_NAME = "$(TARGET_NAME)";
				SWIFT_VERSION = 5.0;
				TARGETED_DEVICE_FAMILY = "1,2";
				TEST_HOST = "$(BUILT_PRODUCTS_DIR)/reader.app/reader";
			};
			name = Release;
		};
		9A7022552341DEF200A65941 /* Debug */ = {
			isa = XCBuildConfiguration;
			buildSettings = {
				ALWAYS_EMBED_SWIFT_STANDARD_LIBRARIES = YES;
				CODE_SIGN_STYLE = Automatic;
				DEVELOPMENT_TEAM = 5KT433P6SW;
				INFOPLIST_FILE = readerUITests/Info.plist;
				LD_RUNPATH_SEARCH_PATHS = (
					"$(inherited)",
					"@executable_path/Frameworks",
					"@loader_path/Frameworks",
				);
				PRODUCT_BUNDLE_IDENTIFIER = con.jiuhua.readerUITests;
				PRODUCT_NAME = "$(TARGET_NAME)";
				SWIFT_VERSION = 5.0;
				TARGETED_DEVICE_FAMILY = "1,2";
				TEST_TARGET_NAME = reader;
			};
			name = Debug;
		};
		9A7022562341DEF200A65941 /* Release */ = {
			isa = XCBuildConfiguration;
			buildSettings = {
				ALWAYS_EMBED_SWIFT_STANDARD_LIBRARIES = YES;
				CODE_SIGN_STYLE = Automatic;
				DEVELOPMENT_TEAM = 5KT433P6SW;
				INFOPLIST_FILE = readerUITests/Info.plist;
				LD_RUNPATH_SEARCH_PATHS = (
					"$(inherited)",
					"@executable_path/Frameworks",
					"@loader_path/Frameworks",
				);
				PRODUCT_BUNDLE_IDENTIFIER = con.jiuhua.readerUITests;
				PRODUCT_NAME = "$(TARGET_NAME)";
				SWIFT_VERSION = 5.0;
				TARGETED_DEVICE_FAMILY = "1,2";
				TEST_TARGET_NAME = reader;
			};
			name = Release;
		};
/* End XCBuildConfiguration section */

/* Begin XCConfigurationList section */
		9A7022212341DEF000A65941 /* Build configuration list for PBXProject "reader" */ = {
			isa = XCConfigurationList;
			buildConfigurations = (
				9A70224C2341DEF200A65941 /* Debug */,
				9A70224D2341DEF200A65941 /* Release */,
			);
			defaultConfigurationIsVisible = 0;
			defaultConfigurationName = Release;
		};
		9A70224E2341DEF200A65941 /* Build configuration list for PBXNativeTarget "reader" */ = {
			isa = XCConfigurationList;
			buildConfigurations = (
				9A70224F2341DEF200A65941 /* Debug */,
				9A7022502341DEF200A65941 /* Release */,
			);
			defaultConfigurationIsVisible = 0;
			defaultConfigurationName = Release;
		};
		9A7022512341DEF200A65941 /* Build configuration list for PBXNativeTarget "readerTests" */ = {
			isa = XCConfigurationList;
			buildConfigurations = (
				9A7022522341DEF200A65941 /* Debug */,
				9A7022532341DEF200A65941 /* Release */,
			);
			defaultConfigurationIsVisible = 0;
			defaultConfigurationName = Release;
		};
		9A7022542341DEF200A65941 /* Build configuration list for PBXNativeTarget "readerUITests" */ = {
			isa = XCConfigurationList;
			buildConfigurations = (
				9A7022552341DEF200A65941 /* Debug */,
				9A7022562341DEF200A65941 /* Release */,
			);
			defaultConfigurationIsVisible = 0;
			defaultConfigurationName = Release;
		};
/* End XCConfigurationList section */
	};
	rootObject = 9A70221E2341DEF000A65941 /* Project object */;
}
